
Microsoft Visual Studio Solution File, Format Version 12.00
# Visual Studio Version 17
VisualStudioVersion = 17.7.34003.232
MinimumVisualStudioVersion = 10.0.40219.1
Project("{FAE04EC0-301F-11D3-BF4B-00C04F79EFBC}") = "FanoutPublisher", "FanoutPublisher\FanoutPublisher.csproj", "{24C7E223-C5C4-49DA-9B4C-5D1C367C1934}"
EndProject
Project("{FAE04EC0-301F-11D3-BF4B-00C04F79EFBC}") = "FanoutConsumer", "FanoutConsumer\FanoutConsumer.csproj", "{108D315A-B233-4B8F-9996-704DE9B014B5}"
EndProject
Project("{2150E333-8FDC-42A3-9474-1A3956D46DE8}") = "NewFolder1", "NewFolder1", "{4969FA28-1401-471D-AACD-2A5F7EC26600}"
EndProject
Global
	GlobalSection(SolutionConfigurationPlatforms) = preSolution
		Debug|Any CPU = Debug|Any CPU
		Release|Any CPU = Release|Any CPU
	EndGlobalSection
	GlobalSection(ProjectConfigurationPlatforms) = postSolution
		{24C7E223-C5C4-49DA-9B4C-5D1C367C1934}.Debug|Any CPU.ActiveCfg = Debug|Any CPU
		{24C7E223-C5C4-49DA-9B4C-5D1C367C1934}.Debug|Any CPU.Build.0 = Debug|Any CPU
		{24C7E223-C5C4-49DA-9B4C-5D1C367C1934}.Release|Any CPU.ActiveCfg = Release|Any CPU
		{24C7E223-C5C4-49DA-9B4C-5D1C367C1934}.Release|Any CPU.Build.0 = Release|Any CPU
		{108D315A-B233-4B8F-9996-704DE9B014B5}.Debug|Any CPU.ActiveCfg = Debug|Any CPU
		{108D315A-B233-4B8F-9996-704DE9B014B5}.Debug|Any CPU.Build.0 = Debug|Any CPU
		{108D315A-B233-4B8F-9996-704DE9B014B5}.Release|Any CPU.ActiveCfg = Release|Any CPU
		{108D315A-B233-4B8F-9996-704DE9B014B5}.Release|Any CPU.Build.0 = Release|Any CPU
	EndGlobalSection
	GlobalSection(SolutionProperties) = preSolution
		HideSolutionNode = FALSE
	EndGlobalSection
	GlobalSection(NestedProjects) = preSolution
		{24C7E223-C5C4-49DA-9B4C-5D1C367C1934} = {4969FA28-1401-471D-AACD-2A5F7EC26600}
		{108D315A-B233-4B8F-9996-704DE9B014B5} = {4969FA28-1401-471D-AACD-2A5F7EC26600}
	EndGlobalSection
	GlobalSection(ExtensibilityGlobals) = postSolution
		SolutionGuid = {45E753B0-07F3-4111-B26A-2ED153BC9F33}
	EndGlobalSection
EndGlobal
